
Microsoft Visual Studio Solution File, Format Version 12.00
# Visual Studio Version 16
VisualStudioVersion = 16.0.29519.87
MinimumVisualStudioVersion = 10.0.40219.1
Project("{8BC9CEB8-8B4A-11D0-8D11-00A0C91BC942}") = "D3DMain", "D3DMain\D3DMain.vcxproj", "{66E73C3E-87CD-44AE-8F35-2BBEA1A8D713}"
EndProject
Project("{8BC9CEB8-8B4A-11D0-8D11-00A0C91BC942}") = "WinApp", "WinApp\WinApp.vcxproj", "{7E035BE9-480D-4948-835D-36C7ACE114AF}"
EndProject
Project("{8BC9CEB8-8B4A-11D0-8D11-00A0C91BC942}") = "Vector", "Vector\Vector.vcxproj", "{5A05F842-57BA-420B-A6B7-2521E947043A}"
EndProject
Project("{8BC9CEB8-8B4A-11D0-8D11-00A0C91BC942}") = "Matrix", "Matrix\Matrix.vcxproj", "{81352336-09CA-4CA5-9C4B-3E65A09DC561}"
EndProject
Global
	GlobalSection(SolutionConfigurationPlatforms) = preSolution
		Debug|x64 = Debug|x64
		Debug|x86 = Debug|x86
		Release|x64 = Release|x64
		Release|x86 = Release|x86
	EndGlobalSection
	GlobalSection(ProjectConfigurationPlatforms) = postSolution
		{66E73C3E-87CD-44AE-8F35-2BBEA1A8D713}.Debug|x64.ActiveCfg = Debug|x64
		{66E73C3E-87CD-44AE-8F35-2BBEA1A8D713}.Debug|x64.Build.0 = Debug|x64
		{66E73C3E-87CD-44AE-8F35-2BBEA1A8D713}.Debug|x86.ActiveCfg = Debug|Win32
		{66E73C3E-87CD-44AE-8F35-2BBEA1A8D713}.Debug|x86.Build.0 = Debug|Win32
		{66E73C3E-87CD-44AE-8F35-2BBEA1A8D713}.Release|x64.ActiveCfg = Release|x64
		{66E73C3E-87CD-44AE-8F35-2BBEA1A8D713}.Release|x64.Build.0 = Release|x64
		{66E73C3E-87CD-44AE-8F35-2BBEA1A8D713}.Release|x86.ActiveCfg = Release|Win32
		{66E73C3E-87CD-44AE-8F35-2BBEA1A8D713}.Release|x86.Build.0 = Release|Win32
		{7E035BE9-480D-4948-835D-36C7ACE114AF}.Debug|x64.ActiveCfg = Debug|x64
		{7E035BE9-480D-4948-835D-36C7ACE114AF}.Debug|x64.Build.0 = Debug|x64
		{7E035BE9-480D-4948-835D-36C7ACE114AF}.Debug|x86.ActiveCfg = Debug|Win32
		{7E035BE9-480D-4948-835D-36C7ACE114AF}.Debug|x86.Build.0 = Debug|Win32
		{7E035BE9-480D-4948-835D-36C7ACE114AF}.Release|x64.ActiveCfg = Release|x64
		{7E035BE9-480D-4948-835D-36C7ACE114AF}.Release|x64.Build.0 = Release|x64
		{7E035BE9-480D-4948-835D-36C7ACE114AF}.Release|x86.ActiveCfg = Release|Win32
		{7E035BE9-480D-4948-835D-36C7ACE114AF}.Release|x86.Build.0 = Release|Win32
		{5A05F842-57BA-420B-A6B7-2521E947043A}.Debug|x64.ActiveCfg = Debug|x64
		{5A05F842-57BA-420B-A6B7-2521E947043A}.Debug|x64.Build.0 = Debug|x64
		{5A05F842-57BA-420B-A6B7-2521E947043A}.Debug|x86.ActiveCfg = Debug|Win32
		{5A05F842-57BA-420B-A6B7-2521E947043A}.Debug|x86.Build.0 = Debug|Win32
		{5A05F842-57BA-420B-A6B7-2521E947043A}.Release|x64.ActiveCfg = Release|x64
		{5A05F842-57BA-420B-A6B7-2521E947043A}.Release|x64.Build.0 = Release|x64
		{5A05F842-57BA-420B-A6B7-2521E947043A}.Release|x86.ActiveCfg = Release|Win32
		{5A05F842-57BA-420B-A6B7-2521E947043A}.Release|x86.Build.0 = Release|Win32
		{81352336-09CA-4CA5-9C4B-3E65A09DC561}.Debug|x64.ActiveCfg = Debug|x64
		{81352336-09CA-4CA5-9C4B-3E65A09DC561}.Debug|x64.Build.0 = Debug|x64
		{81352336-09CA-4CA5-9C4B-3E65A09DC561}.Debug|x86.ActiveCfg = Debug|Win32
		{81352336-09CA-4CA5-9C4B-3E65A09DC561}.Debug|x86.Build.0 = Debug|Win32
		{81352336-09CA-4CA5-9C4B-3E65A09DC561}.Release|x64.ActiveCfg = Release|x64
		{81352336-09CA-4CA5-9C4B-3E65A09DC561}.Release|x64.Build.0 = Release|x64
		{81352336-09CA-4CA5-9C4B-3E65A09DC561}.Release|x86.ActiveCfg = Release|Win32
		{81352336-09CA-4CA5-9C4B-3E65A09DC561}.Release|x86.Build.0 = Release|Win32
	EndGlobalSection
	GlobalSection(SolutionProperties) = preSolution
		HideSolutionNode = FALSE
	EndGlobalSection
	GlobalSection(ExtensibilityGlobals) = postSolution
		SolutionGuid = {93F714D0-693B-4B71-8A53-1021275D8BE9}
	EndGlobalSection
EndGlobal
